// !$*UTF8*$!
{
	archiveVersion = 1;
	classes = {
	};
	objectVersion = 55;
	objects = {

/* Begin PBXBuildFile section */
		118D2CB327EC3D850096E1E2 /* AppDelegate.swift in Sources */ = {isa = PBXBuildFile; fileRef = 118D2CB227EC3D850096E1E2 /* AppDelegate.swift */; };
		118D2CB527EC3D850096E1E2 /* SceneDelegate.swift in Sources */ = {isa = PBXBuildFile; fileRef = 118D2CB427EC3D850096E1E2 /* SceneDelegate.swift */; };
		118D2CB727EC3D850096E1E2 /* ViewController.swift in Sources */ = {isa = PBXBuildFile; fileRef = 118D2CB627EC3D850096E1E2 /* ViewController.swift */; };
		118D2CBC27EC3D870096E1E2 /* Assets.xcassets in Resources */ = {isa = PBXBuildFile; fileRef = 118D2CBB27EC3D870096E1E2 /* Assets.xcassets */; };
		118D2CBF27EC3D870096E1E2 /* LaunchScreen.storyboard in Resources */ = {isa = PBXBuildFile; fileRef = 118D2CBD27EC3D870096E1E2 /* LaunchScreen.storyboard */; };
		11A17C1C27F748E200099E20 /* ProgressCollectionViewCell.swift in Sources */ = {isa = PBXBuildFile; fileRef = 11A17C1B27F748E200099E20 /* ProgressCollectionViewCell.swift */; };
		11A17C1E27F7494F00099E20 /* HabitCollectionViewCell.swift in Sources */ = {isa = PBXBuildFile; fileRef = 11A17C1D27F7494F00099E20 /* HabitCollectionViewCell.swift */; };
		11A17C2227F7499E00099E20 /* HabitCollectionViewHeader.swift in Sources */ = {isa = PBXBuildFile; fileRef = 11A17C2127F7499E00099E20 /* HabitCollectionViewHeader.swift */; };
		11E5997B27ED2DC10091269C /* SF-Pro-Display-Semibold.otf in Resources */ = {isa = PBXBuildFile; fileRef = 11E5997A27ED2DC10091269C /* SF-Pro-Display-Semibold.otf */; };
		11E5997D27EDE7220091269C /* HabitsStore.swift in Sources */ = {isa = PBXBuildFile; fileRef = 11E5997C27EDE7220091269C /* HabitsStore.swift */; };
		11E5998327EE00780091269C /* HabitsVC.swift in Sources */ = {isa = PBXBuildFile; fileRef = 11E5998227EE00780091269C /* HabitsVC.swift */; };
		11E5998527EE008C0091269C /* InfoVC.swift in Sources */ = {isa = PBXBuildFile; fileRef = 11E5998427EE008C0091269C /* InfoVC.swift */; };
		11E5998727EE2C780091269C /* HabitVC.swift in Sources */ = {isa = PBXBuildFile; fileRef = 11E5998627EE2C780091269C /* HabitVC.swift */; };
		11E5998E27EF73A50091269C /* Main.swift in Sources */ = {isa = PBXBuildFile; fileRef = 11E5998D27EF73A50091269C /* Main.swift */; };
		11E5999027EF7EB40091269C /* InfoViewHeader.swift in Sources */ = {isa = PBXBuildFile; fileRef = 11E5998F27EF7EB40091269C /* InfoViewHeader.swift */; };
		11E5999627EF87B10091269C /* InfoViewCell.swift in Sources */ = {isa = PBXBuildFile; fileRef = 11E5999527EF87B10091269C /* InfoViewCell.swift */; };
		11E5999827EF89090091269C /* SF-Pro-Text-Regular.otf in Resources */ = {isa = PBXBuildFile; fileRef = 11E5999727EF89090091269C /* SF-Pro-Text-Regular.otf */; };
		11E5999A27EF89210091269C /* SF-Pro-Text-Semibold.otf in Resources */ = {isa = PBXBuildFile; fileRef = 11E5999927EF89210091269C /* SF-Pro-Text-Semibold.otf */; };
		11E5999C27EF898F0091269C /* SF-Pro-Display-Bold.otf in Resources */ = {isa = PBXBuildFile; fileRef = 11E5999B27EF898F0091269C /* SF-Pro-Display-Bold.otf */; };
/* End PBXBuildFile section */

/* Begin PBXFileReference section */
		118D2CAF27EC3D850096E1E2 /* MyHabits.app */ = {isa = PBXFileReference; explicitFileType = wrapper.application; includeInIndex = 0; path = MyHabits.app; sourceTree = BUILT_PRODUCTS_DIR; };
		118D2CB227EC3D850096E1E2 /* AppDelegate.swift */ = {isa = PBXFileReference; lastKnownFileType = sourcecode.swift; path = AppDelegate.swift; sourceTree = "<group>"; };
		118D2CB427EC3D850096E1E2 /* SceneDelegate.swift */ = {isa = PBXFileReference; lastKnownFileType = sourcecode.swift; path = SceneDelegate.swift; sourceTree = "<group>"; };
		118D2CB627EC3D850096E1E2 /* ViewController.swift */ = {isa = PBXFileReference; lastKnownFileType = sourcecode.swift; path = ViewController.swift; sourceTree = "<group>"; };
		118D2CBB27EC3D870096E1E2 /* Assets.xcassets */ = {isa = PBXFileReference; lastKnownFileType = folder.assetcatalog; path = Assets.xcassets; sourceTree = "<group>"; };
		118D2CBE27EC3D870096E1E2 /* Base */ = {isa = PBXFileReference; lastKnownFileType = file.storyboard; name = Base; path = Base.lproj/LaunchScreen.storyboard; sourceTree = "<group>"; };
		118D2CC027EC3D870096E1E2 /* Info.plist */ = {isa = PBXFileReference; lastKnownFileType = text.plist.xml; path = Info.plist; sourceTree = "<group>"; };
		11A17C1B27F748E200099E20 /* ProgressCollectionViewCell.swift */ = {isa = PBXFileReference; lastKnownFileType = sourcecode.swift; path = ProgressCollectionViewCell.swift; sourceTree = "<group>"; };
		11A17C1D27F7494F00099E20 /* HabitCollectionViewCell.swift */ = {isa = PBXFileReference; lastKnownFileType = sourcecode.swift; path = HabitCollectionViewCell.swift; sourceTree = "<group>"; };
		11A17C2127F7499E00099E20 /* HabitCollectionViewHeader.swift */ = {isa = PBXFileReference; lastKnownFileType = sourcecode.swift; path = HabitCollectionViewHeader.swift; sourceTree = "<group>"; };
		11E5997A27ED2DC10091269C /* SF-Pro-Display-Semibold.otf */ = {isa = PBXFileReference; lastKnownFileType = file; name = "SF-Pro-Display-Semibold.otf"; path = "../../../../../../../Library/Fonts/SF-Pro-Display-Semibold.otf"; sourceTree = "<group>"; };
		11E5997C27EDE7220091269C /* HabitsStore.swift */ = {isa = PBXFileReference; lastKnownFileType = sourcecode.swift; path = HabitsStore.swift; sourceTree = "<group>"; };
		11E5998227EE00780091269C /* HabitsVC.swift */ = {isa = PBXFileReference; lastKnownFileType = sourcecode.swift; path = HabitsVC.swift; sourceTree = "<group>"; };
		11E5998427EE008C0091269C /* InfoVC.swift */ = {isa = PBXFileReference; lastKnownFileType = sourcecode.swift; path = InfoVC.swift; sourceTree = "<group>"; };
		11E5998627EE2C780091269C /* HabitVC.swift */ = {isa = PBXFileReference; lastKnownFileType = sourcecode.swift; path = HabitVC.swift; sourceTree = "<group>"; };
		11E5998D27EF73A50091269C /* Main.swift */ = {isa = PBXFileReference; lastKnownFileType = sourcecode.swift; path = Main.swift; sourceTree = "<group>"; };
		11E5998F27EF7EB40091269C /* InfoViewHeader.swift */ = {isa = PBXFileReference; lastKnownFileType = sourcecode.swift; path = InfoViewHeader.swift; sourceTree = "<group>"; };
		11E5999527EF87B10091269C /* InfoViewCell.swift */ = {isa = PBXFileReference; lastKnownFileType = sourcecode.swift; path = InfoViewCell.swift; sourceTree = "<group>"; };
		11E5999727EF89090091269C /* SF-Pro-Text-Regular.otf */ = {isa = PBXFileReference; lastKnownFileType = file; name = "SF-Pro-Text-Regular.otf"; path = "../../../../../../../Library/Fonts/SF-Pro-Text-Regular.otf"; sourceTree = "<group>"; };
		11E5999927EF89210091269C /* SF-Pro-Text-Semibold.otf */ = {isa = PBXFileReference; lastKnownFileType = file; name = "SF-Pro-Text-Semibold.otf"; path = "../../../../../../../Library/Fonts/SF-Pro-Text-Semibold.otf"; sourceTree = "<group>"; };
		11E5999B27EF898F0091269C /* SF-Pro-Display-Bold.otf */ = {isa = PBXFileReference; lastKnownFileType = file; name = "SF-Pro-Display-Bold.otf"; path = "../../../../../../../Library/Fonts/SF-Pro-Display-Bold.otf"; sourceTree = "<group>"; };
/* End PBXFileReference section */

/* Begin PBXFrameworksBuildPhase section */
		118D2CAC27EC3D850096E1E2 /* Frameworks */ = {
			isa = PBXFrameworksBuildPhase;
			buildActionMask = 2147483647;
			files = (
			);
			runOnlyForDeploymentPostprocessing = 0;
		};
/* End PBXFrameworksBuildPhase section */

/* Begin PBXGroup section */
		118D2CA627EC3D850096E1E2 = {
			isa = PBXGroup;
			children = (
				118D2CB127EC3D850096E1E2 /* MyHabits */,
				118D2CB027EC3D850096E1E2 /* Products */,
			);
			sourceTree = "<group>";
		};
		118D2CB027EC3D850096E1E2 /* Products */ = {
			isa = PBXGroup;
			children = (
				118D2CAF27EC3D850096E1E2 /* MyHabits.app */,
			);
			name = Products;
			sourceTree = "<group>";
		};
		118D2CB127EC3D850096E1E2 /* MyHabits */ = {
			isa = PBXGroup;
			children = (
				11E5998A27EF70060091269C /* Main */,
				11E5998827EF6FA90091269C /* Habits */,
				11E5998927EF6FCE0091269C /* Info */,
				118D2CBB27EC3D870096E1E2 /* Assets.xcassets */,
				118D2CBD27EC3D870096E1E2 /* LaunchScreen.storyboard */,
				118D2CC027EC3D870096E1E2 /* Info.plist */,
				11E5997A27ED2DC10091269C /* SF-Pro-Display-Semibold.otf */,
				11E5999727EF89090091269C /* SF-Pro-Text-Regular.otf */,
				11E5999927EF89210091269C /* SF-Pro-Text-Semibold.otf */,
				11E5999B27EF898F0091269C /* SF-Pro-Display-Bold.otf */,
			);
			path = MyHabits;
			sourceTree = "<group>";
		};
		11E5998827EF6FA90091269C /* Habits */ = {
			isa = PBXGroup;
			children = (
				11E5998627EE2C780091269C /* HabitVC.swift */,
				11E5998227EE00780091269C /* HabitsVC.swift */,
				11A17C2127F7499E00099E20 /* HabitCollectionViewHeader.swift */,
				11A17C1B27F748E200099E20 /* ProgressCollectionViewCell.swift */,
				11A17C1D27F7494F00099E20 /* HabitCollectionViewCell.swift */,
			);
			path = Habits;
			sourceTree = "<group>";
		};
		11E5998927EF6FCE0091269C /* Info */ = {
			isa = PBXGroup;
			children = (
				11E5998427EE008C0091269C /* InfoVC.swift */,
				11E5998F27EF7EB40091269C /* InfoViewHeader.swift */,
				11E5999527EF87B10091269C /* InfoViewCell.swift */,
			);
			path = Info;
			sourceTree = "<group>";
		};
		11E5998A27EF70060091269C /* Main */ = {
			isa = PBXGroup;
			children = (
				11E5998D27EF73A50091269C /* Main.swift */,
				118D2CB427EC3D850096E1E2 /* SceneDelegate.swift */,
				118D2CB227EC3D850096E1E2 /* AppDelegate.swift */,
				118D2CB627EC3D850096E1E2 /* ViewController.swift */,
				11E5997C27EDE7220091269C /* HabitsStore.swift */,
			);
			path = Main;
			sourceTree = "<group>";
		};
/* End PBXGroup section */

/* Begin PBXNativeTarget section */
		118D2CAE27EC3D850096E1E2 /* MyHabits */ = {
			isa = PBXNativeTarget;
			buildConfigurationList = 118D2CC327EC3D870096E1E2 /* Build configuration list for PBXNativeTarget "MyHabits" */;
			buildPhases = (
				118D2CAB27EC3D850096E1E2 /* Sources */,
				118D2CAC27EC3D850096E1E2 /* Frameworks */,
				118D2CAD27EC3D850096E1E2 /* Resources */,
			);
			buildRules = (
			);
			dependencies = (
			);
			name = MyHabits;
			productName = MyHabits;
			productReference = 118D2CAF27EC3D850096E1E2 /* MyHabits.app */;
			productType = "com.apple.product-type.application";
		};
/* End PBXNativeTarget section */

/* Begin PBXProject section */
		118D2CA727EC3D850096E1E2 /* Project object */ = {
			isa = PBXProject;
			attributes = {
				BuildIndependentTargetsInParallel = 1;
				LastSwiftUpdateCheck = 1330;
				LastUpgradeCheck = 1330;
				TargetAttributes = {
					118D2CAE27EC3D850096E1E2 = {
						CreatedOnToolsVersion = 13.3;
					};
				};
			};
			buildConfigurationList = 118D2CAA27EC3D850096E1E2 /* Build configuration list for PBXProject "MyHabits" */;
			compatibilityVersion = "Xcode 13.0";
			developmentRegion = en;
			hasScannedForEncodings = 0;
			knownRegions = (
				en,
				Base,
			);
			mainGroup = 118D2CA627EC3D850096E1E2;
			productRefGroup = 118D2CB027EC3D850096E1E2 /* Products */;
			projectDirPath = "";
			projectRoot = "";
			targets = (
				118D2CAE27EC3D850096E1E2 /* MyHabits */,
			);
		};
/* End PBXProject section */

/* Begin PBXResourcesBuildPhase section */
		118D2CAD27EC3D850096E1E2 /* Resources */ = {
			isa = PBXResourcesBuildPhase;
			buildActionMask = 2147483647;
			files = (
				11E5997B27ED2DC10091269C /* SF-Pro-Display-Semibold.otf in Resources */,
				118D2CBF27EC3D870096E1E2 /* LaunchScreen.storyboard in Resources */,
				11E5999C27EF898F0091269C /* SF-Pro-Display-Bold.otf in Resources */,
				11E5999A27EF89210091269C /* SF-Pro-Text-Semibold.otf in Resources */,
				11E5999827EF89090091269C /* SF-Pro-Text-Regular.otf in Resources */,
				118D2CBC27EC3D870096E1E2 /* Assets.xcassets in Resources */,
			);
			runOnlyForDeploymentPostprocessing = 0;
		};
/* End PBXResourcesBuildPhase section */

/* Begin PBXSourcesBuildPhase section */
		118D2CAB27EC3D850096E1E2 /* Sources */ = {
			isa = PBXSourcesBuildPhase;
			buildActionMask = 2147483647;
			files = (
				11E5997D27EDE7220091269C /* HabitsStore.swift in Sources */,
				11E5999027EF7EB40091269C /* InfoViewHeader.swift in Sources */,
				11E5998327EE00780091269C /* HabitsVC.swift in Sources */,
				11E5998E27EF73A50091269C /* Main.swift in Sources */,
				11A17C2227F7499E00099E20 /* HabitCollectionViewHeader.swift in Sources */,
				11E5999627EF87B10091269C /* InfoViewCell.swift in Sources */,
				11A17C1C27F748E200099E20 /* ProgressCollectionViewCell.swift in Sources */,
				11E5998727EE2C780091269C /* HabitVC.swift in Sources */,
				118D2CB727EC3D850096E1E2 /* ViewController.swift in Sources */,
				118D2CB327EC3D850096E1E2 /* AppDelegate.swift in Sources */,
				11E5998527EE008C0091269C /* InfoVC.swift in Sources */,
				118D2CB527EC3D850096E1E2 /* SceneDelegate.swift in Sources */,
				11A17C1E27F7494F00099E20 /* HabitCollectionViewCell.swift in Sources */,
			);
			runOnlyForDeploymentPostprocessing = 0;
		};
/* End PBXSourcesBuildPhase section */

/* Begin PBXVariantGroup section */
		118D2CBD27EC3D870096E1E2 /* LaunchScreen.storyboard */ = {
			isa = PBXVariantGroup;
			children = (
				118D2CBE27EC3D870096E1E2 /* Base */,
			);
			name = LaunchScreen.storyboard;
			sourceTree = "<group>";
		};
/* End PBXVariantGroup section */

/* Begin XCBuildConfiguration section */
		118D2CC127EC3D870096E1E2 /* Debug */ = {
			isa = XCBuildConfiguration;
			buildSettings = {
				ALWAYS_SEARCH_USER_PATHS = NO;
				CLANG_ANALYZER_NONNULL = YES;
				CLANG_ANALYZER_NUMBER_OBJECT_CONVERSION = YES_AGGRESSIVE;
				CLANG_CXX_LANGUAGE_STANDARD = "gnu++17";
				CLANG_ENABLE_MODULES = YES;
				CLANG_ENABLE_OBJC_ARC = YES;
				CLANG_ENABLE_OBJC_WEAK = YES;
				CLANG_WARN_BLOCK_CAPTURE_AUTORELEASING = YES;
				CLANG_WARN_BOOL_CONVERSION = YES;
				CLANG_WARN_COMMA = YES;
				CLANG_WARN_CONSTANT_CONVERSION = YES;
				CLANG_WARN_DEPRECATED_OBJC_IMPLEMENTATIONS = YES;
				CLANG_WARN_DIRECT_OBJC_ISA_USAGE = YES_ERROR;
				CLANG_WARN_DOCUMENTATION_COMMENTS = YES;
				CLANG_WARN_EMPTY_BODY = YES;
				CLANG_WARN_ENUM_CONVERSION = YES;
				CLANG_WARN_INFINITE_RECURSION = YES;
				CLANG_WARN_INT_CONVERSION = YES;
				CLANG_WARN_NON_LITERAL_NULL_CONVERSION = YES;
				CLANG_WARN_OBJC_IMPLICIT_RETAIN_SELF = YES;
				CLANG_WARN_OBJC_LITERAL_CONVERSION = YES;
				CLANG_WARN_OBJC_ROOT_CLASS = YES_ERROR;
				CLANG_WARN_QUOTED_INCLUDE_IN_FRAMEWORK_HEADER = YES;
				CLANG_WARN_RANGE_LOOP_ANALYSIS = YES;
				CLANG_WARN_STRICT_PROTOTYPES = YES;
				CLANG_WARN_SUSPICIOUS_MOVE = YES;
				CLANG_WARN_UNGUARDED_AVAILABILITY = YES_AGGRESSIVE;
				CLANG_WARN_UNREACHABLE_CODE = YES;
				CLANG_WARN__DUPLICATE_METHOD_MATCH = YES;
				COPY_PHASE_STRIP = NO;
				DEBUG_INFORMATION_FORMAT = dwarf;
				ENABLE_STRICT_OBJC_MSGSEND = YES;
				ENABLE_TESTABILITY = YES;
				GCC_C_LANGUAGE_STANDARD = gnu11;
				GCC_DYNAMIC_NO_PIC = NO;
				GCC_NO_COMMON_BLOCKS = YES;
				GCC_OPTIMIZATION_LEVEL = 0;
				GCC_PREPROCESSOR_DEFINITIONS = (
					"DEBUG=1",
					"$(inherited)",
				);
				GCC_WARN_64_TO_32_BIT_CONVERSION = YES;
				GCC_WARN_ABOUT_RETURN_TYPE = YES_ERROR;
				GCC_WARN_UNDECLARED_SELECTOR = YES;
				GCC_WARN_UNINITIALIZED_AUTOS = YES_AGGRESSIVE;
				GCC_WARN_UNUSED_FUNCTION = YES;
				GCC_WARN_UNUSED_VARIABLE = YES;
				IPHONEOS_DEPLOYMENT_TARGET = 15.4;
				MTL_ENABLE_DEBUG_INFO = INCLUDE_SOURCE;
				MTL_FAST_MATH = YES;
				ONLY_ACTIVE_ARCH = YES;
				SDKROOT = iphoneos;
				SWIFT_ACTIVE_COMPILATION_CONDITIONS = DEBUG;
				SWIFT_OPTIMIZATION_LEVEL = "-Onone";
			};
			name = Debug;
		};
		118D2CC227EC3D870096E1E2 /* Release */ = {
			isa = XCBuildConfiguration;
			buildSettings = {
				ALWAYS_SEARCH_USER_PATHS = NO;
				CLANG_ANALYZER_NONNULL = YES;
				CLANG_ANALYZER_NUMBER_OBJECT_CONVERSION = YES_AGGRESSIVE;
				CLANG_CXX_LANGUAGE_STANDARD = "gnu++17";
				CLANG_ENABLE_MODULES = YES;
				CLANG_ENABLE_OBJC_ARC = YES;
				CLANG_ENABLE_OBJC_WEAK = YES;
				CLANG_WARN_BLOCK_CAPTURE_AUTORELEASING = YES;
				CLANG_WARN_BOOL_CONVERSION = YES;
				CLANG_WARN_COMMA = YES;
				CLANG_WARN_CONSTANT_CONVERSION = YES;
				CLANG_WARN_DEPRECATED_OBJC_IMPLEMENTATIONS = YES;
				CLANG_WARN_DIRECT_OBJC_ISA_USAGE = YES_ERROR;
				CLANG_WARN_DOCUMENTATION_COMMENTS = YES;
				CLANG_WARN_EMPTY_BODY = YES;
				CLANG_WARN_ENUM_CONVERSION = YES;
				CLANG_WARN_INFINITE_RECURSION = YES;
				CLANG_WARN_INT_CONVERSION = YES;
				CLANG_WARN_NON_LITERAL_NULL_CONVERSION = YES;
				CLANG_WARN_OBJC_IMPLICIT_RETAIN_SELF = YES;
				CLANG_WARN_OBJC_LITERAL_CONVERSION = YES;
				CLANG_WARN_OBJC_ROOT_CLASS = YES_ERROR;
				CLANG_WARN_QUOTED_INCLUDE_IN_FRAMEWORK_HEADER = YES;
				CLANG_WARN_RANGE_LOOP_ANALYSIS = YES;
				CLANG_WARN_STRICT_PROTOTYPES = YES;
				CLANG_WARN_SUSPICIOUS_MOVE = YES;
				CLANG_WARN_UNGUARDED_AVAILABILITY = YES_AGGRESSIVE;
				CLANG_WARN_UNREACHABLE_CODE = YES;
				CLANG_WARN__DUPLICATE_METHOD_MATCH = YES;
				COPY_PHASE_STRIP = NO;
				DEBUG_INFORMATION_FORMAT = "dwarf-with-dsym";
				ENABLE_NS_ASSERTIONS = NO;
				ENABLE_STRICT_OBJC_MSGSEND = YES;
				GCC_C_LANGUAGE_STANDARD = gnu11;
				GCC_NO_COMMON_BLOCKS = YES;
				GCC_WARN_64_TO_32_BIT_CONVERSION = YES;
				GCC_WARN_ABOUT_RETURN_TYPE = YES_ERROR;
				GCC_WARN_UNDECLARED_SELECTOR = YES;
				GCC_WARN_UNINITIALIZED_AUTOS = YES_AGGRESSIVE;
				GCC_WARN_UNUSED_FUNCTION = YES;
				GCC_WARN_UNUSED_VARIABLE = YES;
				IPHONEOS_DEPLOYMENT_TARGET = 15.4;
				MTL_ENABLE_DEBUG_INFO = NO;
				MTL_FAST_MATH = YES;
				SDKROOT = iphoneos;
				SWIFT_COMPILATION_MODE = wholemodule;
				SWIFT_OPTIMIZATION_LEVEL = "-O";
				VALIDATE_PRODUCT = YES;
			};
			name = Release;
		};
		118D2CC427EC3D870096E1E2 /* Debug */ = {
			isa = XCBuildConfiguration;
			buildSettings = {
				ASSETCATALOG_COMPILER_APPICON_NAME = AppIcon;
				ASSETCATALOG_COMPILER_GLOBAL_ACCENT_COLOR_NAME = AccentColor;
				CODE_SIGN_STYLE = Automatic;
				CURRENT_PROJECT_VERSION = 1;
				GENERATE_INFOPLIST_FILE = YES;
				INFOPLIST_FILE = MyHabits/Info.plist;
				INFOPLIST_KEY_CFBundleDisplayName = MyHabits;
				INFOPLIST_KEY_UIApplicationSupportsIndirectInputEvents = YES;
				INFOPLIST_KEY_UILaunchStoryboardName = LaunchScreen;
				INFOPLIST_KEY_UISupportedInterfaceOrientations = "UIInterfaceOrientationPortrait UIInterfaceOrientationLandscapeLeft UIInterfaceOrientationLandscapeRight UIInterfaceOrientationPortraitUpsideDown";
				INFOPLIST_KEY_UISupportedInterfaceOrientations_iPad = "UIInterfaceOrientationPortrait UIInterfaceOrientationPortraitUpsideDown UIInterfaceOrientationLandscapeLeft UIInterfaceOrientationLandscapeRight";
				INFOPLIST_KEY_UISupportedInterfaceOrientations_iPhone = "UIInterfaceOrientationPortrait UIInterfaceOrientationLandscapeLeft UIInterfaceOrientationLandscapeRight";
				LD_RUNPATH_SEARCH_PATHS = (
					"$(inherited)",
					"@executable_path/Frameworks",
				);
				MARKETING_VERSION = 1.0;
				PRODUCT_BUNDLE_IDENTIFIER = netology.MyHabits;
				PRODUCT_NAME = "$(TARGET_NAME)";
				SWIFT_EMIT_LOC_STRINGS = YES;
				SWIFT_VERSION = 5.0;
				TARGETED_DEVICE_FAMILY = "1,2";
			};
			name = Debug;
		};
		118D2CC527EC3D870096E1E2 /* Release */ = {
			isa = XCBuildConfiguration;
			buildSettings = {
				ASSETCATALOG_COMPILER_APPICON_NAME = AppIcon;
				ASSETCATALOG_COMPILER_GLOBAL_ACCENT_COLOR_NAME = AccentColor;
				CODE_SIGN_STYLE = Automatic;
				CURRENT_PROJECT_VERSION = 1;
				GENERATE_INFOPLIST_FILE = YES;
				INFOPLIST_FILE = MyHabits/Info.plist;
				INFOPLIST_KEY_CFBundleDisplayName = MyHabits;
				INFOPLIST_KEY_UIApplicationSupportsIndirectInputEvents = YES;
				INFOPLIST_KEY_UILaunchStoryboardName = LaunchScreen;
				INFOPLIST_KEY_UISupportedInterfaceOrientations = "UIInterfaceOrientationPortrait UIInterfaceOrientationLandscapeLeft UIInterfaceOrientationLandscapeRight UIInterfaceOrientationPortraitUpsideDown";
				INFOPLIST_KEY_UISupportedInterfaceOrientations_iPad = "UIInterfaceOrientationPortrait UIInterfaceOrientationPortraitUpsideDown UIInterfaceOrientationLandscapeLeft UIInterfaceOrientationLandscapeRight";
				INFOPLIST_KEY_UISupportedInterfaceOrientations_iPhone = "UIInterfaceOrientationPortrait UIInterfaceOrientationLandscapeLeft UIInterfaceOrientationLandscapeRight";
				LD_RUNPATH_SEARCH_PATHS = (
					"$(inherited)",
					"@executable_path/Frameworks",
				);
				MARKETING_VERSION = 1.0;
				PRODUCT_BUNDLE_IDENTIFIER = netology.MyHabits;
				PRODUCT_NAME = "$(TARGET_NAME)";
				SWIFT_EMIT_LOC_STRINGS = YES;
				SWIFT_VERSION = 5.0;
				TARGETED_DEVICE_FAMILY = "1,2";
			};
			name = Release;
		};
/* End XCBuildConfiguration section */

/* Begin XCConfigurationList section */
		118D2CAA27EC3D850096E1E2 /* Build configuration list for PBXProject "MyHabits" */ = {
			isa = XCConfigurationList;
			buildConfigurations = (
				118D2CC127EC3D870096E1E2 /* Debug */,
				118D2CC227EC3D870096E1E2 /* Release */,
			);
			defaultConfigurationIsVisible = 0;
			defaultConfigurationName = Release;
		};
		118D2CC327EC3D870096E1E2 /* Build configuration list for PBXNativeTarget "MyHabits" */ = {
			isa = XCConfigurationList;
			buildConfigurations = (
				118D2CC427EC3D870096E1E2 /* Debug */,
				118D2CC527EC3D870096E1E2 /* Release */,
			);
			defaultConfigurationIsVisible = 0;
			defaultConfigurationName = Release;
		};
/* End XCConfigurationList section */
	};
	rootObject = 118D2CA727EC3D850096E1E2 /* Project object */;
}
